
Microsoft Visual Studio Solution File, Format Version 12.00
# Visual Studio 15
VisualStudioVersion = 15.0.34031.82
MinimumVisualStudioVersion = 10.0.40219.1
Project("{8BC9CEB8-8B4A-11D0-8D11-00A0C91BC942}") = "P10-9", "P10-9\P10-9.vcxproj", "{6D951936-B8A2-446D-891E-FBE3B4CC6D89}"
EndProject
Global
	GlobalSection(SolutionConfigurationPlatforms) = preSolution
		Debug|x64 = Debug|x64
		Debug|x86 = Debug|x86
		Release|x64 = Release|x64
		Release|x86 = Release|x86
	EndGlobalSection
	GlobalSection(ProjectConfigurationPlatforms) = postSolution
		{6D951936-B8A2-446D-891E-FBE3B4CC6D89}.Debug|x64.ActiveCfg = Debug|x64
		{6D951936-B8A2-446D-891E-FBE3B4CC6D89}.Debug|x64.Build.0 = Debug|x64
		{6D951936-B8A2-446D-891E-FBE3B4CC6D89}.Debug|x86.ActiveCfg = Debug|Win32
		{6D951936-B8A2-446D-891E-FBE3B4CC6D89}.Debug|x86.Build.0 = Debug|Win32
		{6D951936-B8A2-446D-891E-FBE3B4CC6D89}.Release|x64.ActiveCfg = Release|x64
		{6D951936-B8A2-446D-891E-FBE3B4CC6D89}.Release|x64.Build.0 = Release|x64
		{6D951936-B8A2-446D-891E-FBE3B4CC6D89}.Release|x86.ActiveCfg = Release|Win32
		{6D951936-B8A2-446D-891E-FBE3B4CC6D89}.Release|x86.Build.0 = Release|Win32
	EndGlobalSection
	GlobalSection(SolutionProperties) = preSolution
		HideSolutionNode = FALSE
	EndGlobalSection
	GlobalSection(ExtensibilityGlobals) = postSolution
		SolutionGuid = {CC6D82DB-91A7-4112-B8DC-4B1A538D943B}
	EndGlobalSection
EndGlobal
